
Microsoft Visual Studio Solution File, Format Version 12.00
# Visual Studio Version 16
VisualStudioVersion = 16.0.29926.136
MinimumVisualStudioVersion = 10.0.40219.1
Project("{8BC9CEB8-8B4A-11D0-8D11-00A0C91BC942}") = "mtx_plain", "mtx_plain\mtx_plain.vcxproj", "{89C059A0-94FB-4B66-94D4-A2E6D514C8C6}"
EndProject
Project("{8BC9CEB8-8B4A-11D0-8D11-00A0C91BC942}") = "mtx_lock_unlock_win32", "mtx_lock_unlock_win32\mtx_lock_unlock_win32.vcxproj", "{7472EF63-C41D-4B72-B2B2-392BA2E1C387}"
EndProject
Project("{8BC9CEB8-8B4A-11D0-8D11-00A0C91BC942}") = "tss_destruction_win32", "tss_destruction_win32\tss_destruction_win32.vcxproj", "{FD773F4C-CDB4-495A-92E3-F80836467E15}"
EndProject
Project("{8BC9CEB8-8B4A-11D0-8D11-00A0C91BC942}") = "tss_destruction2_win32", "tss_destruction2_win32\tss_destruction2_win32.vcxproj", "{4D8211C4-FCD6-48DD-89CA-FB04614B3FA5}"
EndProject
Project("{8BC9CEB8-8B4A-11D0-8D11-00A0C91BC942}") = "types_and_defs", "types_and_defs\types_and_defs.vcxproj", "{162DFA19-EC70-41AC-9C2E-B87C0452BDCF}"
EndProject
Project("{8BC9CEB8-8B4A-11D0-8D11-00A0C91BC942}") = "call_once", "call_once\call_once.vcxproj", "{37329020-E578-4C2E-8F8A-269D23997AAD}"
EndProject
Project("{8BC9CEB8-8B4A-11D0-8D11-00A0C91BC942}") = "tinycthread_win32", "tinycthread_win32\tinycthread_win32.vcxproj", "{94982253-BDDA-4B7C-90D0-5D723A2292C8}"
EndProject
Global
	GlobalSection(SolutionConfigurationPlatforms) = preSolution
		Debug|x64 = Debug|x64
		Debug|x86 = Debug|x86
		Release|x64 = Release|x64
		Release|x86 = Release|x86
	EndGlobalSection
	GlobalSection(ProjectConfigurationPlatforms) = postSolution
		{89C059A0-94FB-4B66-94D4-A2E6D514C8C6}.Debug|x64.ActiveCfg = Debug|x64
		{89C059A0-94FB-4B66-94D4-A2E6D514C8C6}.Debug|x64.Build.0 = Debug|x64
		{89C059A0-94FB-4B66-94D4-A2E6D514C8C6}.Debug|x86.ActiveCfg = Debug|Win32
		{89C059A0-94FB-4B66-94D4-A2E6D514C8C6}.Debug|x86.Build.0 = Debug|Win32
		{89C059A0-94FB-4B66-94D4-A2E6D514C8C6}.Release|x64.ActiveCfg = Release|x64
		{89C059A0-94FB-4B66-94D4-A2E6D514C8C6}.Release|x64.Build.0 = Release|x64
		{89C059A0-94FB-4B66-94D4-A2E6D514C8C6}.Release|x86.ActiveCfg = Release|Win32
		{89C059A0-94FB-4B66-94D4-A2E6D514C8C6}.Release|x86.Build.0 = Release|Win32
		{7472EF63-C41D-4B72-B2B2-392BA2E1C387}.Debug|x64.ActiveCfg = Debug|x64
		{7472EF63-C41D-4B72-B2B2-392BA2E1C387}.Debug|x64.Build.0 = Debug|x64
		{7472EF63-C41D-4B72-B2B2-392BA2E1C387}.Debug|x86.ActiveCfg = Debug|Win32
		{7472EF63-C41D-4B72-B2B2-392BA2E1C387}.Debug|x86.Build.0 = Debug|Win32
		{7472EF63-C41D-4B72-B2B2-392BA2E1C387}.Release|x64.ActiveCfg = Release|x64
		{7472EF63-C41D-4B72-B2B2-392BA2E1C387}.Release|x64.Build.0 = Release|x64
		{7472EF63-C41D-4B72-B2B2-392BA2E1C387}.Release|x86.ActiveCfg = Release|Win32
		{7472EF63-C41D-4B72-B2B2-392BA2E1C387}.Release|x86.Build.0 = Release|Win32
		{FD773F4C-CDB4-495A-92E3-F80836467E15}.Debug|x64.ActiveCfg = Debug|x64
		{FD773F4C-CDB4-495A-92E3-F80836467E15}.Debug|x64.Build.0 = Debug|x64
		{FD773F4C-CDB4-495A-92E3-F80836467E15}.Debug|x86.ActiveCfg = Debug|Win32
		{FD773F4C-CDB4-495A-92E3-F80836467E15}.Debug|x86.Build.0 = Debug|Win32
		{FD773F4C-CDB4-495A-92E3-F80836467E15}.Release|x64.ActiveCfg = Release|x64
		{FD773F4C-CDB4-495A-92E3-F80836467E15}.Release|x64.Build.0 = Release|x64
		{FD773F4C-CDB4-495A-92E3-F80836467E15}.Release|x86.ActiveCfg = Release|Win32
		{FD773F4C-CDB4-495A-92E3-F80836467E15}.Release|x86.Build.0 = Release|Win32
		{4D8211C4-FCD6-48DD-89CA-FB04614B3FA5}.Debug|x64.ActiveCfg = Debug|x64
		{4D8211C4-FCD6-48DD-89CA-FB04614B3FA5}.Debug|x64.Build.0 = Debug|x64
		{4D8211C4-FCD6-48DD-89CA-FB04614B3FA5}.Debug|x86.ActiveCfg = Debug|Win32
		{4D8211C4-FCD6-48DD-89CA-FB04614B3FA5}.Debug|x86.Build.0 = Debug|Win32
		{4D8211C4-FCD6-48DD-89CA-FB04614B3FA5}.Release|x64.ActiveCfg = Release|x64
		{4D8211C4-FCD6-48DD-89CA-FB04614B3FA5}.Release|x64.Build.0 = Release|x64
		{4D8211C4-FCD6-48DD-89CA-FB04614B3FA5}.Release|x86.ActiveCfg = Release|Win32
		{4D8211C4-FCD6-48DD-89CA-FB04614B3FA5}.Release|x86.Build.0 = Release|Win32
		{162DFA19-EC70-41AC-9C2E-B87C0452BDCF}.Debug|x64.ActiveCfg = Debug|x64
		{162DFA19-EC70-41AC-9C2E-B87C0452BDCF}.Debug|x64.Build.0 = Debug|x64
		{162DFA19-EC70-41AC-9C2E-B87C0452BDCF}.Debug|x86.ActiveCfg = Debug|Win32
		{162DFA19-EC70-41AC-9C2E-B87C0452BDCF}.Debug|x86.Build.0 = Debug|Win32
		{162DFA19-EC70-41AC-9C2E-B87C0452BDCF}.Release|x64.ActiveCfg = Release|x64
		{162DFA19-EC70-41AC-9C2E-B87C0452BDCF}.Release|x64.Build.0 = Release|x64
		{162DFA19-EC70-41AC-9C2E-B87C0452BDCF}.Release|x86.ActiveCfg = Release|Win32
		{162DFA19-EC70-41AC-9C2E-B87C0452BDCF}.Release|x86.Build.0 = Release|Win32
		{37329020-E578-4C2E-8F8A-269D23997AAD}.Debug|x64.ActiveCfg = Debug|x64
		{37329020-E578-4C2E-8F8A-269D23997AAD}.Debug|x64.Build.0 = Debug|x64
		{37329020-E578-4C2E-8F8A-269D23997AAD}.Debug|x86.ActiveCfg = Debug|Win32
		{37329020-E578-4C2E-8F8A-269D23997AAD}.Debug|x86.Build.0 = Debug|Win32
		{37329020-E578-4C2E-8F8A-269D23997AAD}.Release|x64.ActiveCfg = Release|x64
		{37329020-E578-4C2E-8F8A-269D23997AAD}.Release|x64.Build.0 = Release|x64
		{37329020-E578-4C2E-8F8A-269D23997AAD}.Release|x86.ActiveCfg = Release|Win32
		{37329020-E578-4C2E-8F8A-269D23997AAD}.Release|x86.Build.0 = Release|Win32
		{94982253-BDDA-4B7C-90D0-5D723A2292C8}.Debug|x64.ActiveCfg = Debug|x64
		{94982253-BDDA-4B7C-90D0-5D723A2292C8}.Debug|x64.Build.0 = Debug|x64
		{94982253-BDDA-4B7C-90D0-5D723A2292C8}.Debug|x86.ActiveCfg = Debug|Win32
		{94982253-BDDA-4B7C-90D0-5D723A2292C8}.Debug|x86.Build.0 = Debug|Win32
		{94982253-BDDA-4B7C-90D0-5D723A2292C8}.Release|x64.ActiveCfg = Release|x64
		{94982253-BDDA-4B7C-90D0-5D723A2292C8}.Release|x64.Build.0 = Release|x64
		{94982253-BDDA-4B7C-90D0-5D723A2292C8}.Release|x86.ActiveCfg = Release|Win32
		{94982253-BDDA-4B7C-90D0-5D723A2292C8}.Release|x86.Build.0 = Release|Win32
	EndGlobalSection
	GlobalSection(SolutionProperties) = preSolution
		HideSolutionNode = FALSE
	EndGlobalSection
	GlobalSection(ExtensibilityGlobals) = postSolution
		SolutionGuid = {B9F30CC4-A4C3-4926-9AC3-8646EEF267AA}
	EndGlobalSection
EndGlobal
